
Microsoft Visual Studio Solution File, Format Version 12.00
# Visual Studio Version 17
VisualStudioVersion = 17.9.34902.65
MinimumVisualStudioVersion = 10.0.40219.1
Project("{FAE04EC0-301F-11D3-BF4B-00C04F79EFBC}") = "AncientAura.APIs", "AncientAura.APIs\AncientAura.APIs.csproj", "{785E2BC0-DD88-47A3-8B24-EAAB2298F9CC}"
EndProject
Project("{FAE04EC0-301F-11D3-BF4B-00C04F79EFBC}") = "AncientAura.Core", "AncientAura.Core\AncientAura.Core.csproj", "{810E626A-5096-4E47-AC45-EDB2354B8F4A}"
EndProject
Project("{FAE04EC0-301F-11D3-BF4B-00C04F79EFBC}") = "AncientAura.Repository", "AncientAura.Repository\AncientAura.Repository.csproj", "{6BF2C1E1-AFEB-439C-83F2-02E25CD338F4}"
EndProject
Project("{FAE04EC0-301F-11D3-BF4B-00C04F79EFBC}") = "AncientAura.Service", "AncientAura.Service\AncientAura.Service.csproj", "{8866029D-8EC5-4C90-943B-D6BEA8FAF798}"
EndProject
Global
	GlobalSection(SolutionConfigurationPlatforms) = preSolution
		Debug|Any CPU = Debug|Any CPU
		Release|Any CPU = Release|Any CPU
	EndGlobalSection
	GlobalSection(ProjectConfigurationPlatforms) = postSolution
		{785E2BC0-DD88-47A3-8B24-EAAB2298F9CC}.Debug|Any CPU.ActiveCfg = Debug|Any CPU
		{785E2BC0-DD88-47A3-8B24-EAAB2298F9CC}.Debug|Any CPU.Build.0 = Debug|Any CPU
		{785E2BC0-DD88-47A3-8B24-EAAB2298F9CC}.Release|Any CPU.ActiveCfg = Release|Any CPU
		{785E2BC0-DD88-47A3-8B24-EAAB2298F9CC}.Release|Any CPU.Build.0 = Release|Any CPU
		{810E626A-5096-4E47-AC45-EDB2354B8F4A}.Debug|Any CPU.ActiveCfg = Debug|Any CPU
		{810E626A-5096-4E47-AC45-EDB2354B8F4A}.Debug|Any CPU.Build.0 = Debug|Any CPU
		{810E626A-5096-4E47-AC45-EDB2354B8F4A}.Release|Any CPU.ActiveCfg = Release|Any CPU
		{810E626A-5096-4E47-AC45-EDB2354B8F4A}.Release|Any CPU.Build.0 = Release|Any CPU
		{6BF2C1E1-AFEB-439C-83F2-02E25CD338F4}.Debug|Any CPU.ActiveCfg = Debug|Any CPU
		{6BF2C1E1-AFEB-439C-83F2-02E25CD338F4}.Debug|Any CPU.Build.0 = Debug|Any CPU
		{6BF2C1E1-AFEB-439C-83F2-02E25CD338F4}.Release|Any CPU.ActiveCfg = Release|Any CPU
		{6BF2C1E1-AFEB-439C-83F2-02E25CD338F4}.Release|Any CPU.Build.0 = Release|Any CPU
		{8866029D-8EC5-4C90-943B-D6BEA8FAF798}.Debug|Any CPU.ActiveCfg = Debug|Any CPU
		{8866029D-8EC5-4C90-943B-D6BEA8FAF798}.Debug|Any CPU.Build.0 = Debug|Any CPU
		{8866029D-8EC5-4C90-943B-D6BEA8FAF798}.Release|Any CPU.ActiveCfg = Release|Any CPU
		{8866029D-8EC5-4C90-943B-D6BEA8FAF798}.Release|Any CPU.Build.0 = Release|Any CPU
	EndGlobalSection
	GlobalSection(SolutionProperties) = preSolution
		HideSolutionNode = FALSE
	EndGlobalSection
	GlobalSection(ExtensibilityGlobals) = postSolution
		SolutionGuid = {1786DB66-8DFC-40D6-BABF-1D42A137D028}
	EndGlobalSection
EndGlobal
